
Microsoft Visual Studio Solution File, Format Version 12.00
# Visual Studio Version 16
VisualStudioVersion = 16.0.31624.102
MinimumVisualStudioVersion = 10.0.40219.1
Project("{FAE04EC0-301F-11D3-BF4B-00C04F79EFBC}") = "Agario", "Agario\Agario.csproj", "{476B4CBE-539D-43C4-B635-CBF6D93EA042}"
EndProject
Global
	GlobalSection(SolutionConfigurationPlatforms) = preSolution
		Debug|Any CPU = Debug|Any CPU
		Release|Any CPU = Release|Any CPU
	EndGlobalSection
	GlobalSection(ProjectConfigurationPlatforms) = postSolution
		{476B4CBE-539D-43C4-B635-CBF6D93EA042}.Debug|Any CPU.ActiveCfg = Debug|Any CPU
		{476B4CBE-539D-43C4-B635-CBF6D93EA042}.Debug|Any CPU.Build.0 = Debug|Any CPU
		{476B4CBE-539D-43C4-B635-CBF6D93EA042}.Release|Any CPU.ActiveCfg = Release|Any CPU
		{476B4CBE-539D-43C4-B635-CBF6D93EA042}.Release|Any CPU.Build.0 = Release|Any CPU
	EndGlobalSection
	GlobalSection(SolutionProperties) = preSolution
		HideSolutionNode = FALSE
	EndGlobalSection
	GlobalSection(ExtensibilityGlobals) = postSolution
		SolutionGuid = {EAB2FA90-B2BF-4283-8633-5801BE05A28C}
	EndGlobalSection
EndGlobal
